
Microsoft Visual Studio Solution File, Format Version 12.00
# Visual Studio Version 16
VisualStudioVersion = 16.0.29503.13
MinimumVisualStudioVersion = 10.0.40219.1
Project("{FAE04EC0-301F-11D3-BF4B-00C04F79EFBC}") = "RecursionHW-Ex3", "RecursionHW-Ex3\RecursionHW-Ex3.csproj", "{D893455D-7394-4BEA-B1D3-6F576B0C7EEE}"
EndProject
Global
	GlobalSection(SolutionConfigurationPlatforms) = preSolution
		Debug|Any CPU = Debug|Any CPU
		Release|Any CPU = Release|Any CPU
	EndGlobalSection
	GlobalSection(ProjectConfigurationPlatforms) = postSolution
		{D893455D-7394-4BEA-B1D3-6F576B0C7EEE}.Debug|Any CPU.ActiveCfg = Debug|Any CPU
		{D893455D-7394-4BEA-B1D3-6F576B0C7EEE}.Debug|Any CPU.Build.0 = Debug|Any CPU
		{D893455D-7394-4BEA-B1D3-6F576B0C7EEE}.Release|Any CPU.ActiveCfg = Release|Any CPU
		{D893455D-7394-4BEA-B1D3-6F576B0C7EEE}.Release|Any CPU.Build.0 = Release|Any CPU
	EndGlobalSection
	GlobalSection(SolutionProperties) = preSolution
		HideSolutionNode = FALSE
	EndGlobalSection
	GlobalSection(ExtensibilityGlobals) = postSolution
		SolutionGuid = {78CE2290-4A16-45D9-B3EB-0256CC148959}
	EndGlobalSection
EndGlobal
