
Microsoft Visual Studio Solution File, Format Version 12.00
# Visual Studio Version 16
VisualStudioVersion = 16.0.29503.13
MinimumVisualStudioVersion = 10.0.40219.1
Project("{FAE04EC0-301F-11D3-BF4B-00C04F79EFBC}") = "RecursionHW-Ex2", "RecursionHW-Ex2\RecursionHW-Ex2.csproj", "{44FD22A4-514C-4A3B-887E-4562CF50707E}"
EndProject
Global
	GlobalSection(SolutionConfigurationPlatforms) = preSolution
		Debug|Any CPU = Debug|Any CPU
		Release|Any CPU = Release|Any CPU
	EndGlobalSection
	GlobalSection(ProjectConfigurationPlatforms) = postSolution
		{44FD22A4-514C-4A3B-887E-4562CF50707E}.Debug|Any CPU.ActiveCfg = Debug|Any CPU
		{44FD22A4-514C-4A3B-887E-4562CF50707E}.Debug|Any CPU.Build.0 = Debug|Any CPU
		{44FD22A4-514C-4A3B-887E-4562CF50707E}.Release|Any CPU.ActiveCfg = Release|Any CPU
		{44FD22A4-514C-4A3B-887E-4562CF50707E}.Release|Any CPU.Build.0 = Release|Any CPU
	EndGlobalSection
	GlobalSection(SolutionProperties) = preSolution
		HideSolutionNode = FALSE
	EndGlobalSection
	GlobalSection(ExtensibilityGlobals) = postSolution
		SolutionGuid = {363F2433-D5AC-4B7F-9853-F70850A2F2C0}
	EndGlobalSection
EndGlobal
